Microsoft Visual Studio Solution File, Format Version 12.00
# Visual Studio Version 18
VisualStudioVersion = 18.3.11415.281 d18.3
MinimumVisualStudioVersion = 10.0.40219.1
Project("{FAE04EC0-301F-11D3-BF4B-00C04F79EFBC}") = "Kar", "Kar.csproj", "{D60CB1EF-5330-1908-8533-7017EF67A28C}"
EndProject
Global
	GlobalSection(SolutionConfigurationPlatforms) = preSolution
		Debug|Any CPU = Debug|Any CPU
		Debug|x64 = Debug|x64
		Release|Any CPU = Release|Any CPU
		Release|x64 = Release|x64
	EndGlobalSection
	GlobalSection(ProjectConfigurationPlatforms) = postSolution
		{D60CB1EF-5330-1908-8533-7017EF67A28C}.Debug|Any CPU.ActiveCfg = Debug|x64
		{D60CB1EF-5330-1908-8533-7017EF67A28C}.Debug|Any CPU.Build.0 = Debug|x64
		{D60CB1EF-5330-1908-8533-7017EF67A28C}.Debug|x64.ActiveCfg = Debug|x64
		{D60CB1EF-5330-1908-8533-7017EF67A28C}.Debug|x64.Build.0 = Debug|x64
		{D60CB1EF-5330-1908-8533-7017EF67A28C}.Release|Any CPU.ActiveCfg = Release|Any CPU
		{D60CB1EF-5330-1908-8533-7017EF67A28C}.Release|Any CPU.Build.0 = Release|Any CPU
		{D60CB1EF-5330-1908-8533-7017EF67A28C}.Release|x64.ActiveCfg = Release|x64
		{D60CB1EF-5330-1908-8533-7017EF67A28C}.Release|x64.Build.0 = Release|x64
	EndGlobalSection
	GlobalSection(SolutionProperties) = preSolution
		HideSolutionNode = FALSE
	EndGlobalSection
	GlobalSection(ExtensibilityGlobals) = postSolution
		SolutionGuid = {33C5CA88-5875-4937-9348-DF0DE38EB57C}
	EndGlobalSection
EndGlobal
